# This file is generated by running "yarn install" inside your project.
# Manual changes might be lost - proceed with caution!

__metadata:
  version: 8
  cacheKey: 10c0

"commander@npm:7.2.0":
  version: 7.2.0
  resolution: "commander@npm:7.2.0"
  checksum: 10c0/8d690ff13b0356df7e0ebbe6c59b4712f754f4b724d4f473d3cc5b3fdcf978e3a5dc3078717858a2ceb50b0f84d0660a7f22a96cdc50fb877d0c9bb31593d23a
  languageName: node
  linkType: hard

"globalyzer@npm:0.1.0":
  version: 0.1.0
  resolution: "globalyzer@npm:0.1.0"
  checksum: 10c0/e16e47a5835cbe8a021423d4c7fcd9f5f85815b4190a7f50c1fdb95fc559d72e4fb30be96f106c66a99413f36d72da0f8323d19d27f60a8feec9d936139ec5a8
  languageName: node
  linkType: hard

"globrex@npm:^0.1.2":
  version: 0.1.2
  resolution: "globrex@npm:0.1.2"
  checksum: 10c0/a54c029520cf58bda1d8884f72bd49b4cd74e977883268d931fd83bcbd1a9eb96d57c7dbd4ad80148fb9247467ebfb9b215630b2ed7563b2a8de02e1ff7f89d1
  languageName: node
  linkType: hard

"jquery@npm:^4":
  version: 4.0.0
  resolution: "jquery@npm:4.0.0"
  checksum: 10c0/06d8d0f51121af5a691f8b59c74823157bb5b60eea915b30eaa920d6c0ffd91e60ba81e9b97bd8203f331f9dd8d0ec9a4b010935ea314bdd2f15453c29bc780b
  languageName: node
  linkType: hard

"node-watch@npm:0.7.3":
  version: 0.7.3
  resolution: "node-watch@npm:0.7.3"
  checksum: 10c0/dea5c2ab482280b6b2b39c9b8fcf67943f8e3dc033d103d4521c7106a39a1d214756663fa2c9bd1012dc840d69f763d865cd47f1e9374231ee3c0f42e95d14df
  languageName: node
  linkType: hard

"qunit@npm:^2.25.0":
  version: 2.25.0
  resolution: "qunit@npm:2.25.0"
  dependencies:
    commander: "npm:7.2.0"
    node-watch: "npm:0.7.3"
    tiny-glob: "npm:0.2.9"
  bin:
    qunit: bin/qunit.js
  checksum: 10c0/9e4418fd746146555d23119444210460ccbae687bc1d6274c988d0ef09fe8814503513830a1f18f1e9262c5b0160a4d3617dcd91c04399b59eb6ccd89f45c5d6
  languageName: node
  linkType: hard

"requirejs@npm:^2.3.8":
  version: 2.3.8
  resolution: "requirejs@npm:2.3.8"
  bin:
    r.js: bin/r.js
    r_js: bin/r.js
  checksum: 10c0/84471a69a7f4c8a30974371dd6fc5194fe450e49a55298f2f91ef48c765cfe1babf25b6e92d765c0595ee22bfc40bd1e8cb5e242c2d4e9d2301dfbec459d13a0
  languageName: node
  linkType: hard

"test@workspace:.":
  version: 0.0.0-use.local
  resolution: "test@workspace:."
  dependencies:
    jquery: "npm:^4"
    qunit: "npm:^2.25.0"
    requirejs: "npm:^2.3.8"
  languageName: unknown
  linkType: soft

"tiny-glob@npm:0.2.9":
  version: 0.2.9
  resolution: "tiny-glob@npm:0.2.9"
  dependencies:
    globalyzer: "npm:0.1.0"
    globrex: "npm:^0.1.2"
  checksum: 10c0/cbe072f0d213a1395d30aa94845a051d4af18fe8ffb79c8e99ac1787cd25df69083f17791a53997cb65f469f48950cb61426ccc0683cc9df170ac2430e883702
  languageName: node
  linkType: hard
